<?xml version="1.0" encoding="utf-8"?>
<Project ToolsVersion="4.0" xmlns="http://schemas.microsoft.com/developer/msbuild/2003">
  <ItemGroup>
    <Filter Include="Source Files">
      <UniqueIdentifier>{4FC737F1-C7A5-4376-A066-2A32D752A2FF}</UniqueIdentifier>
      <Extensions>cpp;c;cc;cxx;c++;cppm;ixx;def;odl;idl;hpj;bat;asm;asmx</Extensions>
    </Filter>
    <Filter Include="Header Files">
      <UniqueIdentifier>{93995380-89BD-4b04-88EB-625FBE52EBFB}</UniqueIdentifier>
      <Extensions>h;hh;hpp;hxx;h++;hm;inl;inc;ipp;xsd</Extensions>
    </Filter>
    <Filter Include="Resource Files">
      <UniqueIdentifier>{67DA6AB6-F800-4c08-8B7A-83BB121AAD01}</UniqueIdentifier>
      <Extensions>rc;ico;cur;bmp;dlg;rc2;rct;bin;rgs;gif;jpg;jpeg;jpe;resx;tiff;tif;png;wav;mfcribbon-ms</Extensions>
    </Filter>
    <Filter Include="Header Files\ChildrenForms">
      <UniqueIdentifier>{b7521e5f-bb88-4c9e-9278-3a77e6ffb82c}</UniqueIdentifier>
    </Filter>
  </ItemGroup>
  <ItemGroup>
    <ClCompile Include="main.cpp">
      <Filter>Source Files</Filter>
    </ClCompile>
  </ItemGroup>
  <ItemGroup>
    <ClInclude Include="MainWindows.h">
      <Filter>Header Files</Filter>
    </ClInclude>
    <ClInclude Include="LoginForm.h">
      <Filter>Header Files</Filter>
    </ClInclude>
    <ClInclude Include="HomePageForm.h">
      <Filter>Header Files</Filter>
    </ClInclude>
    <ClInclude Include="CategoriesPageForm.h">
      <Filter>Header Files</Filter>
    </ClInclude>
    <ClInclude Include="ProductsPageForm.h">
      <Filter>Header Files</Filter>
    </ClInclude>
    <ClInclude Include="EmployeesPageForm.h">
      <Filter>Header Files</Filter>
    </ClInclude>
    <ClInclude Include="CustomersPageForm.h">
      <Filter>Header Files</Filter>
    </ClInclude>
    <ClInclude Include="BillsPageForm.h">
      <Filter>Header Files</Filter>
    </ClInclude>
    <ClInclude Include="AddOrEditCategoryForm.h">
      <Filter>Header Files\ChildrenForms</Filter>
    </ClInclude>
    <ClInclude Include="TrashCategoriesForm.h">
      <Filter>Header Files\ChildrenForms</Filter>
    </ClInclude>
    <ClInclude Include="AddOrEditProductForm.h">
      <Filter>Header Files\ChildrenForms</Filter>
    </ClInclude>
    <ClInclude Include="TrashProductsForm.h">
      <Filter>Header Files\ChildrenForms</Filter>
    </ClInclude>
    <ClInclude Include="ImportProductsForm.h">
      <Filter>Header Files\ChildrenForms</Filter>
    </ClInclude>
    <ClInclude Include="ImportNewProductsForm.h">
      <Filter>Header Files\ChildrenForms</Filter>
    </ClInclude>
    <ClInclude Include="AddOrEditEmployeeForm.h">
      <Filter>Header Files\ChildrenForms</Filter>
    </ClInclude>
    <ClInclude Include="TrashEmployeeForm.h">
      <Filter>Header Files\ChildrenForms</Filter>
    </ClInclude>
    <ClInclude Include="AddOrEditCustomerForm.h">
      <Filter>Header Files\ChildrenForms</Filter>
    </ClInclude>
    <ClInclude Include="TrashCustomerForm.h">
      <Filter>Header Files\ChildrenForms</Filter>
    </ClInclude>
    <ClInclude Include="NewBillForm.h">
      <Filter>Header Files\ChildrenForms</Filter>
    </ClInclude>
    <ClInclude Include="BillDetailForm.h">
      <Filter>Header Files\ChildrenForms</Filter>
    </ClInclude>
  </ItemGroup>
</Project>